{
  "name": "kasada-vm",
  "version": "0.1.0",
  "lockfileVersion": 3,
  "requires": true,
  "packages": {
    "": {
      "name": "kasada-vm",
      "version": "0.1.0",
      "dependencies": {
        "happy-dom": "^15.11.7",
        "impit": "^0.14.1",
        "regenerator-runtime": "^0.14.1"
      }
    },
    "node_modules/entities": {
      "version": "4.5.0",
      "resolved": "https://registry.npmjs.org/entities/-/entities-4.5.0.tgz",
      "integrity": "sha512-V0hjH4dGPh9Ao5p0MoRY6BVqtwCjhz6vI5LT8AJ55H+4g9/4vbHx1I54fS0XuclLhDHArPQCiMjDxjaL8fPxhw==",
      "engines": {
        "node": ">=0.12"
      },
      "funding": {
        "url": "https://github.com/fb55/entities?sponsor=1"
      }
    },
    "node_modules/happy-dom": {
      "version": "15.11.7",
      "resolved": "https://registry.npmjs.org/happy-dom/-/happy-dom-15.11.7.tgz",
      "integrity": "sha512-KyrFvnl+J9US63TEzwoiJOQzZBJY7KgBushJA8X61DMbNsH+2ONkDuLDnCnwUiPTF42tLoEmrPyoqbenVA5zrg==",
      "dependencies": {
        "entities": "^4.5.0",
        "webidl-conversions": "^7.0.0",
        "whatwg-mimetype": "^3.0.0"
      },
      "engines": {
        "node": ">=18.0.0"
      }
    },
    "node_modules/impit": {
      "version": "0.14.1",
      "resolved": "https://registry.npmjs.org/impit/-/impit-0.14.1.tgz",
      "integrity": "sha512-ooFuGjrJzV16S5y4t7ICpfaAapNRrrUCv3cd5xIPKUqbbgKtx7CbVB+w+YRDMntoHwjuZ9ijI2AM8hMKISbvcw==",
      "engines": {
        "node": ">= 20"
      },
      "optionalDependencies": {
        "impit-darwin-arm64": "0.14.1",
        "impit-darwin-x64": "0.14.1",
        "impit-linux-arm64-gnu": "0.14.1",
        "impit-linux-arm64-musl": "0.14.1",
        "impit-linux-x64-gnu": "0.14.1",
        "impit-linux-x64-musl": "0.14.1",
        "impit-win32-arm64-msvc": "0.14.1",
        "impit-win32-x64-msvc": "0.14.1"
      }
    },
    "node_modules/impit-darwin-arm64": {
      "version": "0.14.1",
      "resolved": "https://registry.npmjs.org/impit-darwin-arm64/-/impit-darwin-arm64-0.14.1.tgz",
      "integrity": "sha512-K3KXto3gzR60kOFFxRmuxPNl3sPhdTLLpjBIW3RKD6vJFiGV5YH/T218WBECygPxRaIhESfsxfcOYrP53bHgFw==",
      "cpu": [
        "arm64"
      ],
      "optional": true,
      "os": [
        "darwin"
      ],
      "engines": {
        "node": ">= 10"
      }
    },
    "node_modules/impit-darwin-x64": {
      "version": "0.14.1",
      "resolved": "https://registry.npmjs.org/impit-darwin-x64/-/impit-darwin-x64-0.14.1.tgz",
      "integrity": "sha512-k+w8SBHUtLX3KbzsCqSmcwitHfbOXXsLryL++KVahtFqU5D93T1buoTANnd63/mm5dNyadecIGG0MQ7SwvWx8g==",
      "cpu": [
        "x64"
      ],
      "optional": true,
      "os": [
        "darwin"
      ],
      "engines": {
        "node": ">= 10"
      }
    },
    "node_modules/impit-linux-arm64-gnu": {
      "version": "0.14.1",
      "resolved": "https://registry.npmjs.org/impit-linux-arm64-gnu/-/impit-linux-arm64-gnu-0.14.1.tgz",
      "integrity": "sha512-yBT7h6cVHL/hefzI/qjJc22fKP386O0inReOpUzCnb4SGnwhEHvL9nJk3OzU2prO9vvKNKSb6vfRBcvQ8HHH1g==",
      "cpu": [
        "arm64"
      ],
      "optional": true,
      "os": [
        "linux"
      ],
      "engines": {
        "node": ">= 10"
      }
    },
    "node_modules/impit-linux-arm64-musl": {
      "version": "0.14.1",
      "resolved": "https://registry.npmjs.org/impit-linux-arm64-musl/-/impit-linux-arm64-musl-0.14.1.tgz",
      "integrity": "sha512-lFatihYntVIN814AnoNm/hSw5iONLKt6XtaAaJahZNdJOU+zsclcg9pbK0/61aENamkpIBpok/H8j5Sw/Xjuuw==",
      "cpu": [
        "arm64"
      ],
      "optional": true,
      "os": [
        "linux"
      ],
      "engines": {
        "node": ">= 10"
      }
    },
    "node_modules/impit-linux-x64-gnu": {
      "version": "0.14.1",
      "resolved": "https://registry.npmjs.org/impit-linux-x64-gnu/-/impit-linux-x64-gnu-0.14.1.tgz",
      "integrity": "sha512-oioVQzHqSi68BzxRpVLbNv9HRgOxAA21QNlzCMyeEM3/c02MkURCQ1W66yAlEFOR1gaqPZDJi/ymnmIGk6+PjQ==",
      "cpu": [
        "x64"
      ],
      "optional": true,
      "os": [
        "linux"
      ],
      "engines": {
        "node": ">= 10"
      }
    },
    "node_modules/impit-linux-x64-musl": {
      "version": "0.14.1",
      "resolved": "https://registry.npmjs.org/impit-linux-x64-musl/-/impit-linux-x64-musl-0.14.1.tgz",
      "integrity": "sha512-v7fBi405zZepQo0LqH51H+aXc/MYEtrQviIK+34kEqFBYOaSC9+wFZrs6A4WwrF9DaUuRZ3klisljwglN7rxDQ==",
      "cpu": [
        "x64"
      ],
      "optional": true,
      "os": [
        "linux"
      ],
      "engines": {
        "node": ">= 10"
      }
    },
    "node_modules/impit-win32-arm64-msvc": {
      "version": "0.14.1",
      "resolved": "https://registry.npmjs.org/impit-win32-arm64-msvc/-/impit-win32-arm64-msvc-0.14.1.tgz",
      "integrity": "sha512-W4kPvvra8dXDdtJQbkxWPCCouUlZpOrLqHsJ7gc8CwAr69ljZqw6v+qB395nCD1rn3u32dV4d4fjBsyMdolQoA==",
      "cpu": [
        "arm64"
      ],
      "optional": true,
      "os": [
        "win32"
      ],
      "engines": {
        "node": ">= 10"
      }
    },
    "node_modules/impit-win32-x64-msvc": {
      "version": "0.14.1",
      "resolved": "https://registry.npmjs.org/impit-win32-x64-msvc/-/impit-win32-x64-msvc-0.14.1.tgz",
      "integrity": "sha512-gwzWsaORyzq294t8CCxfHAmqulnQNQZK8ad8YM6oQaGVXeUFa8r/ZnR+PglfYcrYF/GbYwGrf9U8StUU8KFLmQ==",
      "cpu": [
        "x64"
      ],
      "optional": true,
      "os": [
        "win32"
      ],
      "engines": {
        "node": ">= 10"
      }
    },
    "node_modules/regenerator-runtime": {
      "version": "0.14.1",
      "resolved": "https://registry.npmjs.org/regenerator-runtime/-/regenerator-runtime-0.14.1.tgz",
      "integrity": "sha512-dYnhHh0nJoMfnkZs6GmmhFknAGRrLznOu5nc9ML+EJxGvrx6H7teuevqVqCuPcPK//3eDrrjQhehXVx9cnkGdw=="
    },
    "node_modules/webidl-conversions": {
      "version": "7.0.0",
      "resolved": "https://registry.npmjs.org/webidl-conversions/-/webidl-conversions-7.0.0.tgz",
      "integrity": "sha512-VwddBukDzu71offAQR975unBIGqfKZpM+8ZX6ySk8nYhVoo5CYaZyzt3YBvYtRtO+aoGlqxPg/B87NGVZ/fu6g==",
      "engines": {
        "node": ">=12"
      }
    },
    "node_modules/whatwg-mimetype": {
      "version": "3.0.0",
      "resolved": "https://registry.npmjs.org/whatwg-mimetype/-/whatwg-mimetype-3.0.0.tgz",
      "integrity": "sha512-nt+N2dzIutVRxARx1nghPKGv1xHikU7HKdfafKkLNLindmPU/ch3U31NOCGGA/dmPcmb1VlofO0vnKAcsm0o/Q==",
      "engines": {
        "node": ">=12"
      }
    }
  }
}
